
Microsoft Visual Studio Solution File, Format Version 12.00
# Visual Studio Version 17
VisualStudioVersion = 17.2.32630.192
MinimumVisualStudioVersion = 10.0.40219.1
Project("{FAE04EC0-301F-11D3-BF4B-00C04F79EFBC}") = "VIN_LIB", "VIN_LIB\VIN_LIB.csproj", "{D58B598A-8415-4D9D-9A40-FC7D55A5E2B7}"
EndProject
Project("{FAE04EC0-301F-11D3-BF4B-00C04F79EFBC}") = "TestProject1", "TestProject1\TestProject1.csproj", "{758A5CD4-9BAE-4AED-A484-2C019A4D33D4}"
EndProject
Global
	GlobalSection(SolutionConfigurationPlatforms) = preSolution
		Debug|Any CPU = Debug|Any CPU
		Release|Any CPU = Release|Any CPU
	EndGlobalSection
	GlobalSection(ProjectConfigurationPlatforms) = postSolution
		{D58B598A-8415-4D9D-9A40-FC7D55A5E2B7}.Debug|Any CPU.ActiveCfg = Debug|Any CPU
		{D58B598A-8415-4D9D-9A40-FC7D55A5E2B7}.Debug|Any CPU.Build.0 = Debug|Any CPU
		{D58B598A-8415-4D9D-9A40-FC7D55A5E2B7}.Release|Any CPU.ActiveCfg = Release|Any CPU
		{D58B598A-8415-4D9D-9A40-FC7D55A5E2B7}.Release|Any CPU.Build.0 = Release|Any CPU
		{758A5CD4-9BAE-4AED-A484-2C019A4D33D4}.Debug|Any CPU.ActiveCfg = Debug|Any CPU
		{758A5CD4-9BAE-4AED-A484-2C019A4D33D4}.Debug|Any CPU.Build.0 = Debug|Any CPU
		{758A5CD4-9BAE-4AED-A484-2C019A4D33D4}.Release|Any CPU.ActiveCfg = Release|Any CPU
		{758A5CD4-9BAE-4AED-A484-2C019A4D33D4}.Release|Any CPU.Build.0 = Release|Any CPU
	EndGlobalSection
	GlobalSection(SolutionProperties) = preSolution
		HideSolutionNode = FALSE
	EndGlobalSection
	GlobalSection(ExtensibilityGlobals) = postSolution
		SolutionGuid = {3AEC6020-7F0E-4B03-A9F6-730127D64CCD}
	EndGlobalSection
EndGlobal
